
Microsoft Visual Studio Solution File, Format Version 12.00
# Visual Studio Version 17
VisualStudioVersion = 17.2.32516.85
MinimumVisualStudioVersion = 10.0.40219.1
Project("{FAE04EC0-301F-11D3-BF4B-00C04F79EFBC}") = "Roblox death sound replacer", "Roblox death sound replacer\Roblox death sound replacer.csproj", "{DDF6B05C-DC3A-406D-9D7B-08424B8F3989}"
EndProject
Global
	GlobalSection(SolutionConfigurationPlatforms) = preSolution
		Debug|Any CPU = Debug|Any CPU
		Release|Any CPU = Release|Any CPU
	EndGlobalSection
	GlobalSection(ProjectConfigurationPlatforms) = postSolution
		{DDF6B05C-DC3A-406D-9D7B-08424B8F3989}.Debug|Any CPU.ActiveCfg = Debug|Any CPU
		{DDF6B05C-DC3A-406D-9D7B-08424B8F3989}.Debug|Any CPU.Build.0 = Debug|Any CPU
		{DDF6B05C-DC3A-406D-9D7B-08424B8F3989}.Release|Any CPU.ActiveCfg = Release|Any CPU
		{DDF6B05C-DC3A-406D-9D7B-08424B8F3989}.Release|Any CPU.Build.0 = Release|Any CPU
	EndGlobalSection
	GlobalSection(SolutionProperties) = preSolution
		HideSolutionNode = FALSE
	EndGlobalSection
	GlobalSection(ExtensibilityGlobals) = postSolution
		SolutionGuid = {D8A43F42-0600-4755-8D11-02F181040F7A}
	EndGlobalSection
EndGlobal
